{
  "name": "@hypernym/tsconfig",
  "version": "2.0.0",
  "lockfileVersion": 3,
  "requires": true,
  "packages": {
    "": {
      "name": "@hypernym/tsconfig",
      "version": "2.0.0",
      "license": "MIT",
      "devDependencies": {
        "@hypernym/prettier-config": "^2.0.0",
        "bummp": "^0.2.0",
        "prettier": "^3.0.3"
      },
      "engines": {
        "node": ">=v18.0.0"
      },
      "funding": {
        "url": "https://github.com/sponsors/ivodolenc"
      },
      "peerDependencies": {
        "typescript": ">=5.0.0"
      }
    },
    "node_modules/@hypernym/prettier-config": {
      "version": "2.0.0",
      "resolved": "https://registry.npmjs.org/@hypernym/prettier-config/-/prettier-config-2.0.0.tgz",
      "integrity": "sha512-rBucxF8Nwbn9yPbxsLIgaEWFWgCjD20RPNfNTv+NFFyc2FsySKNy1w0wjzFYs1buRAgHgsOH6ByqoQVl2nDrCA==",
      "dev": true,
      "engines": {
        "node": ">=v18.0.0"
      },
      "funding": {
        "url": "https://github.com/sponsors/ivodolenc"
      },
      "peerDependencies": {
        "prettier": ">=3.0.0"
      }
    },
    "node_modules/bummp": {
      "version": "0.2.0",
      "resolved": "https://registry.npmjs.org/bummp/-/bummp-0.2.0.tgz",
      "integrity": "sha512-1r7ar8ciqsxquxBZtfuxwF4Kgri19OXvcuTRHg1yoikgXNBPzhhF8CGowpDhM7WeArjVbhFZX7DaDPGFpxvnqQ==",
      "dev": true,
      "dependencies": {
        "colorate": "^0.1.4",
        "mri": "^1.2.0",
        "prompts": "^2.4.2",
        "semver": "^7.5.4"
      },
      "bin": {
        "bummp": "dist/bin/index.mjs"
      },
      "engines": {
        "node": ">=v18.0.0",
        "npm": ">=9.0.0"
      },
      "funding": {
        "url": "https://github.com/sponsors/ivodolenc"
      }
    },
    "node_modules/colorate": {
      "version": "0.1.4",
      "resolved": "https://registry.npmjs.org/colorate/-/colorate-0.1.4.tgz",
      "integrity": "sha512-8cWT9ejVDYL8A+sYsuCVc3Vko6+HF/sPYmmHmDISZaIPX1qE8ACQryh5QxbRSw/2obnU3RYe2LgADohlYQbDrg==",
      "dev": true,
      "funding": {
        "url": "https://github.com/sponsors/ivodolenc"
      }
    },
    "node_modules/kleur": {
      "version": "3.0.3",
      "resolved": "https://registry.npmjs.org/kleur/-/kleur-3.0.3.tgz",
      "integrity": "sha512-eTIzlVOSUR+JxdDFepEYcBMtZ9Qqdef+rnzWdRZuMbOywu5tO2w2N7rqjoANZ5k9vywhL6Br1VRjUIgTQx4E8w==",
      "dev": true,
      "engines": {
        "node": ">=6"
      }
    },
    "node_modules/lru-cache": {
      "version": "6.0.0",
      "resolved": "https://registry.npmjs.org/lru-cache/-/lru-cache-6.0.0.tgz",
      "integrity": "sha512-Jo6dJ04CmSjuznwJSS3pUeWmd/H0ffTlkXXgwZi+eq1UCmqQwCh+eLsYOYCwY991i2Fah4h1BEMCx4qThGbsiA==",
      "dev": true,
      "dependencies": {
        "yallist": "^4.0.0"
      },
      "engines": {
        "node": ">=10"
      }
    },
    "node_modules/mri": {
      "version": "1.2.0",
      "resolved": "https://registry.npmjs.org/mri/-/mri-1.2.0.tgz",
      "integrity": "sha512-tzzskb3bG8LvYGFF/mDTpq3jpI6Q9wc3LEmBaghu+DdCssd1FakN7Bc0hVNmEyGq1bq3RgfkCb3cmQLpNPOroA==",
      "dev": true,
      "engines": {
        "node": ">=4"
      }
    },
    "node_modules/prettier": {
      "version": "3.0.3",
      "resolved": "https://registry.npmjs.org/prettier/-/prettier-3.0.3.tgz",
      "integrity": "sha512-L/4pUDMxcNa8R/EthV08Zt42WBO4h1rarVtK0K+QJG0X187OLo7l699jWw0GKuwzkPQ//jMFA/8Xm6Fh3J/DAg==",
      "dev": true,
      "bin": {
        "prettier": "bin/prettier.cjs"
      },
      "engines": {
        "node": ">=14"
      },
      "funding": {
        "url": "https://github.com/prettier/prettier?sponsor=1"
      }
    },
    "node_modules/prompts": {
      "version": "2.4.2",
      "resolved": "https://registry.npmjs.org/prompts/-/prompts-2.4.2.tgz",
      "integrity": "sha512-NxNv/kLguCA7p3jE8oL2aEBsrJWgAakBpgmgK6lpPWV+WuOmY6r2/zbAVnP+T8bQlA0nzHXSJSJW0Hq7ylaD2Q==",
      "dev": true,
      "dependencies": {
        "kleur": "^3.0.3",
        "sisteransi": "^1.0.5"
      },
      "engines": {
        "node": ">= 6"
      }
    },
    "node_modules/semver": {
      "version": "7.5.4",
      "resolved": "https://registry.npmjs.org/semver/-/semver-7.5.4.tgz",
      "integrity": "sha512-1bCSESV6Pv+i21Hvpxp3Dx+pSD8lIPt8uVjRrxAUt/nbswYc+tK6Y2btiULjd4+fnq15PX+nqQDC7Oft7WkwcA==",
      "dev": true,
      "dependencies": {
        "lru-cache": "^6.0.0"
      },
      "bin": {
        "semver": "bin/semver.js"
      },
      "engines": {
        "node": ">=10"
      }
    },
    "node_modules/sisteransi": {
      "version": "1.0.5",
      "resolved": "https://registry.npmjs.org/sisteransi/-/sisteransi-1.0.5.tgz",
      "integrity": "sha512-bLGGlR1QxBcynn2d5YmDX4MGjlZvy2MRBDRNHLJ8VI6l6+9FUiyTFNJ0IveOSP0bcXgVDPRcfGqA0pjaqUpfVg==",
      "dev": true
    },
    "node_modules/typescript": {
      "version": "5.2.2",
      "resolved": "https://registry.npmjs.org/typescript/-/typescript-5.2.2.tgz",
      "integrity": "sha512-mI4WrpHsbCIcwT9cF4FZvr80QUeKvsUsUvKDoR+X/7XHQH98xYD8YHZg7ANtz2GtZt/CBq2QJ0thkGJMHfqc1w==",
      "peer": true,
      "bin": {
        "tsc": "bin/tsc",
        "tsserver": "bin/tsserver"
      },
      "engines": {
        "node": ">=14.17"
      }
    },
    "node_modules/yallist": {
      "version": "4.0.0",
      "resolved": "https://registry.npmjs.org/yallist/-/yallist-4.0.0.tgz",
      "integrity": "sha512-3wdGidZyq5PB084XLES5TpOSRA3wjXAlIWMhum2kRcv/41Sn2emQ0dycQW4uZXLejwKvg6EsvbdlVL+FYEct7A==",
      "dev": true
    }
  }
}
