{
  "name": "@hypernym/tsconfig",
  "version": "1.2.0",
  "lockfileVersion": 3,
  "requires": true,
  "packages": {
    "": {
      "name": "@hypernym/tsconfig",
      "version": "1.2.0",
      "license": "MIT",
      "devDependencies": {
        "@hypernym/prettier-config": "^2.0.3",
        "prettier": "^3.2.2"
      },
      "engines": {
        "node": ">=v18.0.0"
      },
      "funding": {
        "url": "https://github.com/sponsors/ivodolenc"
      },
      "peerDependencies": {
        "typescript": ">=5.0.0"
      }
    },
    "node_modules/@hypernym/prettier-config": {
      "version": "2.0.3",
      "resolved": "https://registry.npmjs.org/@hypernym/prettier-config/-/prettier-config-2.0.3.tgz",
      "integrity": "sha512-gWA6AaKyceQh9lI4L8Zg4401p2XYnsi85mDc8jNwkJGdSv2fOeM0Fg8n+BQXrAeEIXHOnbXAtypdhYSof2QeRw==",
      "dev": true,
      "engines": {
        "node": ">=v18.0.0"
      },
      "funding": {
        "url": "https://github.com/sponsors/ivodolenc"
      },
      "peerDependencies": {
        "prettier": ">=3.0.0"
      }
    },
    "node_modules/prettier": {
      "version": "3.2.2",
      "resolved": "https://registry.npmjs.org/prettier/-/prettier-3.2.2.tgz",
      "integrity": "sha512-HTByuKZzw7utPiDO523Tt2pLtEyK7OibUD9suEJQrPUCYQqrHr74GGX6VidMrovbf/I50mPqr8j/II6oBAuc5A==",
      "dev": true,
      "bin": {
        "prettier": "bin/prettier.cjs"
      },
      "engines": {
        "node": ">=14"
      },
      "funding": {
        "url": "https://github.com/prettier/prettier?sponsor=1"
      }
    },
    "node_modules/typescript": {
      "version": "5.3.3",
      "resolved": "https://registry.npmjs.org/typescript/-/typescript-5.3.3.tgz",
      "integrity": "sha512-pXWcraxM0uxAS+tN0AG/BF2TyqmHO014Z070UsJ+pFvYuRSq8KH8DmWpnbXe0pEPDHXZV3FcAbJkijJ5oNEnWw==",
      "peer": true,
      "bin": {
        "tsc": "bin/tsc",
        "tsserver": "bin/tsserver"
      },
      "engines": {
        "node": ">=14.17"
      }
    }
  }
}
